
Microsoft Visual Studio Solution File, Format Version 12.00
# Visual Studio 15
VisualStudioVersion = 15.0.27130.2020
MinimumVisualStudioVersion = 10.0.40219.1
Project("{FAE04EC0-301F-11D3-BF4B-00C04F79EFBC}") = "NetStandardSample", "NetStandardSample\NetStandardSample.csproj", "{5193C0AC-8A65-4B8B-AED2-6D45DEF3C7C9}"
EndProject
Project("{FAE04EC0-301F-11D3-BF4B-00C04F79EFBC}") = "DotnetCoreApp1", "DotnetCoreApp1\DotnetCoreApp1.csproj", "{0C5DD7B1-9548-42E9-8460-2CB8F38F7E49}"
EndProject
Project("{FAE04EC0-301F-11D3-BF4B-00C04F79EFBC}") = "DotnetFrameworkApp", "DotnetFrameworkApp\DotnetFrameworkApp.csproj", "{1E8C3BAB-9667-4871-8071-35C53FCB2134}"
EndProject
Project("{FAE04EC0-301F-11D3-BF4B-00C04F79EFBC}") = "MyLegacyLib", "MyLegacyLib\MyLegacyLib.csproj", "{E60A5783-9FF7-4D4A-9EE5-069E95DF2C19}"
EndProject
Global
	GlobalSection(SolutionConfigurationPlatforms) = preSolution
		Debug|Any CPU = Debug|Any CPU
		Release|Any CPU = Release|Any CPU
	EndGlobalSection
	GlobalSection(ProjectConfigurationPlatforms) = postSolution
		{5193C0AC-8A65-4B8B-AED2-6D45DEF3C7C9}.Debug|Any CPU.ActiveCfg = Debug|Any CPU
		{5193C0AC-8A65-4B8B-AED2-6D45DEF3C7C9}.Debug|Any CPU.Build.0 = Debug|Any CPU
		{5193C0AC-8A65-4B8B-AED2-6D45DEF3C7C9}.Release|Any CPU.ActiveCfg = Release|Any CPU
		{5193C0AC-8A65-4B8B-AED2-6D45DEF3C7C9}.Release|Any CPU.Build.0 = Release|Any CPU
		{0C5DD7B1-9548-42E9-8460-2CB8F38F7E49}.Debug|Any CPU.ActiveCfg = Debug|Any CPU
		{0C5DD7B1-9548-42E9-8460-2CB8F38F7E49}.Debug|Any CPU.Build.0 = Debug|Any CPU
		{0C5DD7B1-9548-42E9-8460-2CB8F38F7E49}.Release|Any CPU.ActiveCfg = Release|Any CPU
		{0C5DD7B1-9548-42E9-8460-2CB8F38F7E49}.Release|Any CPU.Build.0 = Release|Any CPU
		{1E8C3BAB-9667-4871-8071-35C53FCB2134}.Debug|Any CPU.ActiveCfg = Debug|Any CPU
		{1E8C3BAB-9667-4871-8071-35C53FCB2134}.Debug|Any CPU.Build.0 = Debug|Any CPU
		{1E8C3BAB-9667-4871-8071-35C53FCB2134}.Release|Any CPU.ActiveCfg = Release|Any CPU
		{1E8C3BAB-9667-4871-8071-35C53FCB2134}.Release|Any CPU.Build.0 = Release|Any CPU
		{E60A5783-9FF7-4D4A-9EE5-069E95DF2C19}.Debug|Any CPU.ActiveCfg = Debug|Any CPU
		{E60A5783-9FF7-4D4A-9EE5-069E95DF2C19}.Debug|Any CPU.Build.0 = Debug|Any CPU
		{E60A5783-9FF7-4D4A-9EE5-069E95DF2C19}.Release|Any CPU.ActiveCfg = Release|Any CPU
		{E60A5783-9FF7-4D4A-9EE5-069E95DF2C19}.Release|Any CPU.Build.0 = Release|Any CPU
	EndGlobalSection
	GlobalSection(SolutionProperties) = preSolution
		HideSolutionNode = FALSE
	EndGlobalSection
	GlobalSection(ExtensibilityGlobals) = postSolution
		SolutionGuid = {DF98E299-00AE-4430-A285-B1CFB84191AB}
	EndGlobalSection
EndGlobal
